// !$*UTF8*$!
{
	archiveVersion = 1;
	classes = {
	};
	objectVersion = 50;
	objects = {

/* Begin PBXBuildFile section */
		10F4B0F52881C45EF9695E08 /* Pods_CanvasCollectAdmin.framework in Frameworks */ = {isa = PBXBuildFile; fileRef = 6E3DB3A3E3DA114F443BA3AC /* Pods_CanvasCollectAdmin.framework */; };
		50A175ECAF3D3CCD0D225680 /* Pods_CanvasCollect.framework in Frameworks */ = {isa = PBXBuildFile; fileRef = A86B62CB1CFD6D1FF4EB4968 /* Pods_CanvasCollect.framework */; };
		7CB5E1FE24902CDE00D2F964 /* LoginVC.swift in Sources */ = {isa = PBXBuildFile; fileRef = 7CB5E1FD24902CDE00D2F964 /* LoginVC.swift */; };
		7CB5E20024902CF200D2F964 /* RegisterVC.swift in Sources */ = {isa = PBXBuildFile; fileRef = 7CB5E1FF24902CF200D2F964 /* RegisterVC.swift */; };
		7CC6271B248AE121009641FF /* GoogleService-Info.plist in Resources */ = {isa = PBXBuildFile; fileRef = 7CC6271A248AE120009641FF /* GoogleService-Info.plist */; };
		7CE66E0F248AABBF00814FA5 /* AppDelegate.swift in Sources */ = {isa = PBXBuildFile; fileRef = 7CE66E0E248AABBF00814FA5 /* AppDelegate.swift */; };
		7CE66E11248AABBF00814FA5 /* ViewController.swift in Sources */ = {isa = PBXBuildFile; fileRef = 7CE66E10248AABBF00814FA5 /* ViewController.swift */; };
		7CE66E14248AABBF00814FA5 /* Main.storyboard in Resources */ = {isa = PBXBuildFile; fileRef = 7CE66E12248AABBF00814FA5 /* Main.storyboard */; };
		7CE66E19248AABC100814FA5 /* LaunchScreen.storyboard in Resources */ = {isa = PBXBuildFile; fileRef = 7CE66E17248AABC100814FA5 /* LaunchScreen.storyboard */; };
		7CE66E27248AABF700814FA5 /* AppDelegate.swift in Sources */ = {isa = PBXBuildFile; fileRef = 7CE66E26248AABF700814FA5 /* AppDelegate.swift */; };
		7CE66E29248AABF700814FA5 /* ViewController.swift in Sources */ = {isa = PBXBuildFile; fileRef = 7CE66E28248AABF700814FA5 /* ViewController.swift */; };
		7CE66E2C248AABF700814FA5 /* Main.storyboard in Resources */ = {isa = PBXBuildFile; fileRef = 7CE66E2A248AABF700814FA5 /* Main.storyboard */; };
		7CE66E2E248AABF800814FA5 /* Assets.xcassets in Resources */ = {isa = PBXBuildFile; fileRef = 7CE66E2D248AABF800814FA5 /* Assets.xcassets */; };
		7CE66E31248AABF800814FA5 /* LaunchScreen.storyboard in Resources */ = {isa = PBXBuildFile; fileRef = 7CE66E2F248AABF800814FA5 /* LaunchScreen.storyboard */; };
		7CE66E37248AAC2F00814FA5 /* Assets.xcassets in Resources */ = {isa = PBXBuildFile; fileRef = 7CE66E2D248AABF800814FA5 /* Assets.xcassets */; };
		7CE66E39248AAC4E00814FA5 /* LoginStoryboard.storyboard in Resources */ = {isa = PBXBuildFile; fileRef = 7CE66E38248AAC4E00814FA5 /* LoginStoryboard.storyboard */; };
		7CF1EEAE248AE75800F49B4C /* GoogleService-Info.plist in Resources */ = {isa = PBXBuildFile; fileRef = 7CF1EEAD248AE75800F49B4C /* GoogleService-Info.plist */; };
/* End PBXBuildFile section */

/* Begin PBXFileReference section */
		4E2D5CA59500E844FB6FA7E3 /* Pods-CanvasCollect.release.xcconfig */ = {isa = PBXFileReference; includeInIndex = 1; lastKnownFileType = text.xcconfig; name = "Pods-CanvasCollect.release.xcconfig"; path = "Pods/Target Support Files/Pods-CanvasCollect/Pods-CanvasCollect.release.xcconfig"; sourceTree = "<group>"; };
		5FD29B9D84307EE644D01464 /* Pods-CanvasCollectAdmin.debug.xcconfig */ = {isa = PBXFileReference; includeInIndex = 1; lastKnownFileType = text.xcconfig; name = "Pods-CanvasCollectAdmin.debug.xcconfig"; path = "Pods/Target Support Files/Pods-CanvasCollectAdmin/Pods-CanvasCollectAdmin.debug.xcconfig"; sourceTree = "<group>"; };
		6E3DB3A3E3DA114F443BA3AC /* Pods_CanvasCollectAdmin.framework */ = {isa = PBXFileReference; explicitFileType = wrapper.framework; includeInIndex = 0; path = Pods_CanvasCollectAdmin.framework; sourceTree = BUILT_PRODUCTS_DIR; };
		7CB5E1FD24902CDE00D2F964 /* LoginVC.swift */ = {isa = PBXFileReference; lastKnownFileType = sourcecode.swift; path = LoginVC.swift; sourceTree = "<group>"; };
		7CB5E1FF24902CF200D2F964 /* RegisterVC.swift */ = {isa = PBXFileReference; lastKnownFileType = sourcecode.swift; path = RegisterVC.swift; sourceTree = "<group>"; };
		7CC6271A248AE120009641FF /* GoogleService-Info.plist */ = {isa = PBXFileReference; fileEncoding = 4; lastKnownFileType = text.plist.xml; path = "GoogleService-Info.plist"; sourceTree = "<group>"; };
		7CE66E0B248AABBF00814FA5 /* CanvasCollect.app */ = {isa = PBXFileReference; explicitFileType = wrapper.application; includeInIndex = 0; path = CanvasCollect.app; sourceTree = BUILT_PRODUCTS_DIR; };
		7CE66E0E248AABBF00814FA5 /* AppDelegate.swift */ = {isa = PBXFileReference; lastKnownFileType = sourcecode.swift; path = AppDelegate.swift; sourceTree = "<group>"; };
		7CE66E10248AABBF00814FA5 /* ViewController.swift */ = {isa = PBXFileReference; lastKnownFileType = sourcecode.swift; path = ViewController.swift; sourceTree = "<group>"; };
		7CE66E13248AABBF00814FA5 /* Base */ = {isa = PBXFileReference; lastKnownFileType = file.storyboard; name = Base; path = Base.lproj/Main.storyboard; sourceTree = "<group>"; };
		7CE66E18248AABC100814FA5 /* Base */ = {isa = PBXFileReference; lastKnownFileType = file.storyboard; name = Base; path = Base.lproj/LaunchScreen.storyboard; sourceTree = "<group>"; };
		7CE66E1A248AABC100814FA5 /* Info.plist */ = {isa = PBXFileReference; lastKnownFileType = text.plist.xml; path = Info.plist; sourceTree = "<group>"; };
		7CE66E24248AABF700814FA5 /* CanvasCollectAdmin.app */ = {isa = PBXFileReference; explicitFileType = wrapper.application; includeInIndex = 0; path = CanvasCollectAdmin.app; sourceTree = BUILT_PRODUCTS_DIR; };
		7CE66E26248AABF700814FA5 /* AppDelegate.swift */ = {isa = PBXFileReference; lastKnownFileType = sourcecode.swift; path = AppDelegate.swift; sourceTree = "<group>"; };
		7CE66E28248AABF700814FA5 /* ViewController.swift */ = {isa = PBXFileReference; lastKnownFileType = sourcecode.swift; path = ViewController.swift; sourceTree = "<group>"; };
		7CE66E2B248AABF700814FA5 /* Base */ = {isa = PBXFileReference; lastKnownFileType = file.storyboard; name = Base; path = Base.lproj/Main.storyboard; sourceTree = "<group>"; };
		7CE66E2D248AABF800814FA5 /* Assets.xcassets */ = {isa = PBXFileReference; lastKnownFileType = folder.assetcatalog; path = Assets.xcassets; sourceTree = "<group>"; };
		7CE66E30248AABF800814FA5 /* Base */ = {isa = PBXFileReference; lastKnownFileType = file.storyboard; name = Base; path = Base.lproj/LaunchScreen.storyboard; sourceTree = "<group>"; };
		7CE66E32248AABF800814FA5 /* Info.plist */ = {isa = PBXFileReference; lastKnownFileType = text.plist.xml; path = Info.plist; sourceTree = "<group>"; };
		7CE66E38248AAC4E00814FA5 /* LoginStoryboard.storyboard */ = {isa = PBXFileReference; lastKnownFileType = file.storyboard; path = LoginStoryboard.storyboard; sourceTree = "<group>"; };
		7CF1EEAD248AE75800F49B4C /* GoogleService-Info.plist */ = {isa = PBXFileReference; fileEncoding = 4; lastKnownFileType = text.plist.xml; path = "GoogleService-Info.plist"; sourceTree = "<group>"; };
		A86B62CB1CFD6D1FF4EB4968 /* Pods_CanvasCollect.framework */ = {isa = PBXFileReference; explicitFileType = wrapper.framework; includeInIndex = 0; path = Pods_CanvasCollect.framework; sourceTree = BUILT_PRODUCTS_DIR; };
		D68C8AC1CECF23FE6E5B0BF8 /* Pods-CanvasCollect.debug.xcconfig */ = {isa = PBXFileReference; includeInIndex = 1; lastKnownFileType = text.xcconfig; name = "Pods-CanvasCollect.debug.xcconfig"; path = "Pods/Target Support Files/Pods-CanvasCollect/Pods-CanvasCollect.debug.xcconfig"; sourceTree = "<group>"; };
		F6021F3AA2632A84FBAE936B /* Pods-CanvasCollectAdmin.release.xcconfig */ = {isa = PBXFileReference; includeInIndex = 1; lastKnownFileType = text.xcconfig; name = "Pods-CanvasCollectAdmin.release.xcconfig"; path = "Pods/Target Support Files/Pods-CanvasCollectAdmin/Pods-CanvasCollectAdmin.release.xcconfig"; sourceTree = "<group>"; };
/* End PBXFileReference section */

/* Begin PBXFrameworksBuildPhase section */
		7CE66E08248AABBF00814FA5 /* Frameworks */ = {
			isa = PBXFrameworksBuildPhase;
			buildActionMask = 2147483647;
			files = (
				50A175ECAF3D3CCD0D225680 /* Pods_CanvasCollect.framework in Frameworks */,
			);
			runOnlyForDeploymentPostprocessing = 0;
		};
		7CE66E21248AABF700814FA5 /* Frameworks */ = {
			isa = PBXFrameworksBuildPhase;
			buildActionMask = 2147483647;
			files = (
				10F4B0F52881C45EF9695E08 /* Pods_CanvasCollectAdmin.framework in Frameworks */,
			);
			runOnlyForDeploymentPostprocessing = 0;
		};
/* End PBXFrameworksBuildPhase section */

/* Begin PBXGroup section */
		1B5C3F21C617E9030AC33F81 /* Frameworks */ = {
			isa = PBXGroup;
			children = (
				A86B62CB1CFD6D1FF4EB4968 /* Pods_CanvasCollect.framework */,
				6E3DB3A3E3DA114F443BA3AC /* Pods_CanvasCollectAdmin.framework */,
			);
			name = Frameworks;
			sourceTree = "<group>";
		};
		7CB5E1F924902B9300D2F964 /* Controller */ = {
			isa = PBXGroup;
			children = (
				7CB5E1FD24902CDE00D2F964 /* LoginVC.swift */,
				7CB5E1FF24902CF200D2F964 /* RegisterVC.swift */,
				7CE66E10248AABBF00814FA5 /* ViewController.swift */,
				7CE66E0E248AABBF00814FA5 /* AppDelegate.swift */,
			);
			path = Controller;
			sourceTree = "<group>";
		};
		7CB5E1FA24902BA000D2F964 /* View */ = {
			isa = PBXGroup;
			children = (
			);
			path = View;
			sourceTree = "<group>";
		};
		7CB5E1FB24902BA400D2F964 /* Model */ = {
			isa = PBXGroup;
			children = (
			);
			path = Model;
			sourceTree = "<group>";
		};
		7CB5E1FC24902BAE00D2F964 /* StoryBoards */ = {
			isa = PBXGroup;
			children = (
				7CE66E38248AAC4E00814FA5 /* LoginStoryboard.storyboard */,
				7CE66E12248AABBF00814FA5 /* Main.storyboard */,
				7CE66E17248AABC100814FA5 /* LaunchScreen.storyboard */,
			);
			path = StoryBoards;
			sourceTree = "<group>";
		};
		7CE66E02248AABBF00814FA5 = {
			isa = PBXGroup;
			children = (
				7CE66E36248AAC0D00814FA5 /* Shared */,
				7CE66E0D248AABBF00814FA5 /* CanvasCollect */,
				7CE66E25248AABF700814FA5 /* CanvasCollectAdmin */,
				7CE66E0C248AABBF00814FA5 /* Products */,
				8DDF822353906325899A0D7E /* Pods */,
				1B5C3F21C617E9030AC33F81 /* Frameworks */,
			);
			sourceTree = "<group>";
		};
		7CE66E0C248AABBF00814FA5 /* Products */ = {
			isa = PBXGroup;
			children = (
				7CE66E0B248AABBF00814FA5 /* CanvasCollect.app */,
				7CE66E24248AABF700814FA5 /* CanvasCollectAdmin.app */,
			);
			name = Products;
			sourceTree = "<group>";
		};
		7CE66E0D248AABBF00814FA5 /* CanvasCollect */ = {
			isa = PBXGroup;
			children = (
				7CB5E1FB24902BA400D2F964 /* Model */,
				7CB5E1FA24902BA000D2F964 /* View */,
				7CB5E1F924902B9300D2F964 /* Controller */,
				7CB5E1FC24902BAE00D2F964 /* StoryBoards */,
				7CC6271A248AE120009641FF /* GoogleService-Info.plist */,
				7CE66E1A248AABC100814FA5 /* Info.plist */,
			);
			path = CanvasCollect;
			sourceTree = "<group>";
		};
		7CE66E25248AABF700814FA5 /* CanvasCollectAdmin */ = {
			isa = PBXGroup;
			children = (
				7CE66E26248AABF700814FA5 /* AppDelegate.swift */,
				7CE66E28248AABF700814FA5 /* ViewController.swift */,
				7CE66E2A248AABF700814FA5 /* Main.storyboard */,
				7CE66E2F248AABF800814FA5 /* LaunchScreen.storyboard */,
				7CF1EEAD248AE75800F49B4C /* GoogleService-Info.plist */,
				7CE66E32248AABF800814FA5 /* Info.plist */,
			);
			path = CanvasCollectAdmin;
			sourceTree = "<group>";
		};
		7CE66E36248AAC0D00814FA5 /* Shared */ = {
			isa = PBXGroup;
			children = (
				7CE66E2D248AABF800814FA5 /* Assets.xcassets */,
			);
			path = Shared;
			sourceTree = "<group>";
		};
		8DDF822353906325899A0D7E /* Pods */ = {
			isa = PBXGroup;
			children = (
				D68C8AC1CECF23FE6E5B0BF8 /* Pods-CanvasCollect.debug.xcconfig */,
				4E2D5CA59500E844FB6FA7E3 /* Pods-CanvasCollect.release.xcconfig */,
				5FD29B9D84307EE644D01464 /* Pods-CanvasCollectAdmin.debug.xcconfig */,
				F6021F3AA2632A84FBAE936B /* Pods-CanvasCollectAdmin.release.xcconfig */,
			);
			name = Pods;
			sourceTree = "<group>";
		};
/* End PBXGroup section */

/* Begin PBXNativeTarget section */
		7CE66E0A248AABBF00814FA5 /* CanvasCollect */ = {
			isa = PBXNativeTarget;
			buildConfigurationList = 7CE66E1D248AABC100814FA5 /* Build configuration list for PBXNativeTarget "CanvasCollect" */;
			buildPhases = (
				5F53CDE0BB1B590A942BB06D /* [CP] Check Pods Manifest.lock */,
				7CE66E07248AABBF00814FA5 /* Sources */,
				7CE66E08248AABBF00814FA5 /* Frameworks */,
				7CE66E09248AABBF00814FA5 /* Resources */,
				914658C1F77300445D9649FD /* [CP] Embed Pods Frameworks */,
			);
			buildRules = (
			);
			dependencies = (
			);
			name = CanvasCollect;
			productName = CanvasCollect;
			productReference = 7CE66E0B248AABBF00814FA5 /* CanvasCollect.app */;
			productType = "com.apple.product-type.application";
		};
		7CE66E23248AABF700814FA5 /* CanvasCollectAdmin */ = {
			isa = PBXNativeTarget;
			buildConfigurationList = 7CE66E33248AABF800814FA5 /* Build configuration list for PBXNativeTarget "CanvasCollectAdmin" */;
			buildPhases = (
				29BE512938B5A96680AA03F8 /* [CP] Check Pods Manifest.lock */,
				7CE66E20248AABF700814FA5 /* Sources */,
				7CE66E21248AABF700814FA5 /* Frameworks */,
				7CE66E22248AABF700814FA5 /* Resources */,
				92B3DCADE364D1DB19A97A94 /* [CP] Embed Pods Frameworks */,
			);
			buildRules = (
			);
			dependencies = (
			);
			name = CanvasCollectAdmin;
			productName = CanvasCollectAdmin;
			productReference = 7CE66E24248AABF700814FA5 /* CanvasCollectAdmin.app */;
			productType = "com.apple.product-type.application";
		};
/* End PBXNativeTarget section */

/* Begin PBXProject section */
		7CE66E03248AABBF00814FA5 /* Project object */ = {
			isa = PBXProject;
			attributes = {
				LastSwiftUpdateCheck = 1020;
				LastUpgradeCheck = 1020;
				ORGANIZATIONNAME = "Tom Plucinski";
				TargetAttributes = {
					7CE66E0A248AABBF00814FA5 = {
						CreatedOnToolsVersion = 10.2.1;
					};
					7CE66E23248AABF700814FA5 = {
						CreatedOnToolsVersion = 10.2.1;
					};
				};
			};
			buildConfigurationList = 7CE66E06248AABBF00814FA5 /* Build configuration list for PBXProject "CanvasCollect" */;
			compatibilityVersion = "Xcode 9.3";
			developmentRegion = en;
			hasScannedForEncodings = 0;
			knownRegions = (
				en,
				Base,
			);
			mainGroup = 7CE66E02248AABBF00814FA5;
			productRefGroup = 7CE66E0C248AABBF00814FA5 /* Products */;
			projectDirPath = "";
			projectRoot = "";
			targets = (
				7CE66E0A248AABBF00814FA5 /* CanvasCollect */,
				7CE66E23248AABF700814FA5 /* CanvasCollectAdmin */,
			);
		};
/* End PBXProject section */

/* Begin PBXResourcesBuildPhase section */
		7CE66E09248AABBF00814FA5 /* Resources */ = {
			isa = PBXResourcesBuildPhase;
			buildActionMask = 2147483647;
			files = (
				7CE66E19248AABC100814FA5 /* LaunchScreen.storyboard in Resources */,
				7CE66E37248AAC2F00814FA5 /* Assets.xcassets in Resources */,
				7CC6271B248AE121009641FF /* GoogleService-Info.plist in Resources */,
				7CE66E14248AABBF00814FA5 /* Main.storyboard in Resources */,
				7CE66E39248AAC4E00814FA5 /* LoginStoryboard.storyboard in Resources */,
			);
			runOnlyForDeploymentPostprocessing = 0;
		};
		7CE66E22248AABF700814FA5 /* Resources */ = {
			isa = PBXResourcesBuildPhase;
			buildActionMask = 2147483647;
			files = (
				7CE66E31248AABF800814FA5 /* LaunchScreen.storyboard in Resources */,
				7CE66E2E248AABF800814FA5 /* Assets.xcassets in Resources */,
				7CE66E2C248AABF700814FA5 /* Main.storyboard in Resources */,
				7CF1EEAE248AE75800F49B4C /* GoogleService-Info.plist in Resources */,
			);
			runOnlyForDeploymentPostprocessing = 0;
		};
/* End PBXResourcesBuildPhase section */

/* Begin PBXShellScriptBuildPhase section */
		29BE512938B5A96680AA03F8 /* [CP] Check Pods Manifest.lock */ = {
			isa = PBXShellScriptBuildPhase;
			buildActionMask = 2147483647;
			files = (
			);
			inputPaths = (
				"${PODS_PODFILE_DIR_PATH}/Podfile.lock",
				"${PODS_ROOT}/Manifest.lock",
			);
			name = "[CP] Check Pods Manifest.lock";
			outputPaths = (
				"$(DERIVED_FILE_DIR)/Pods-CanvasCollectAdmin-checkManifestLockResult.txt",
			);
			runOnlyForDeploymentPostprocessing = 0;
			shellPath = /bin/sh;
			shellScript = "diff \"${PODS_PODFILE_DIR_PATH}/Podfile.lock\" \"${PODS_ROOT}/Manifest.lock\" > /dev/null\nif [ $? != 0 ] ; then\n    # print error to STDERR\n    echo \"error: The sandbox is not in sync with the Podfile.lock. Run 'pod install' or update your CocoaPods installation.\" >&2\n    exit 1\nfi\n# This output is used by Xcode 'outputs' to avoid re-running this script phase.\necho \"SUCCESS\" > \"${SCRIPT_OUTPUT_FILE_0}\"\n";
			showEnvVarsInLog = 0;
		};
		5F53CDE0BB1B590A942BB06D /* [CP] Check Pods Manifest.lock */ = {
			isa = PBXShellScriptBuildPhase;
			buildActionMask = 2147483647;
			files = (
			);
			inputPaths = (
				"${PODS_PODFILE_DIR_PATH}/Podfile.lock",
				"${PODS_ROOT}/Manifest.lock",
			);
			name = "[CP] Check Pods Manifest.lock";
			outputPaths = (
				"$(DERIVED_FILE_DIR)/Pods-CanvasCollect-checkManifestLockResult.txt",
			);
			runOnlyForDeploymentPostprocessing = 0;
			shellPath = /bin/sh;
			shellScript = "diff \"${PODS_PODFILE_DIR_PATH}/Podfile.lock\" \"${PODS_ROOT}/Manifest.lock\" > /dev/null\nif [ $? != 0 ] ; then\n    # print error to STDERR\n    echo \"error: The sandbox is not in sync with the Podfile.lock. Run 'pod install' or update your CocoaPods installation.\" >&2\n    exit 1\nfi\n# This output is used by Xcode 'outputs' to avoid re-running this script phase.\necho \"SUCCESS\" > \"${SCRIPT_OUTPUT_FILE_0}\"\n";
			showEnvVarsInLog = 0;
		};
		914658C1F77300445D9649FD /* [CP] Embed Pods Frameworks */ = {
			isa = PBXShellScriptBuildPhase;
			buildActionMask = 2147483647;
			files = (
			);
			inputPaths = (
				"${SRCROOT}/Pods/Target Support Files/Pods-CanvasCollect/Pods-CanvasCollect-frameworks.sh",
				"${BUILT_PRODUCTS_DIR}/BoringSSL-GRPC/openssl_grpc.framework",
				"${BUILT_PRODUCTS_DIR}/GTMSessionFetcher/GTMSessionFetcher.framework",
				"${BUILT_PRODUCTS_DIR}/GoogleUtilities/GoogleUtilities.framework",
				"${BUILT_PRODUCTS_DIR}/IQKeyboardManagerSwift/IQKeyboardManagerSwift.framework",
				"${BUILT_PRODUCTS_DIR}/Kingfisher/Kingfisher.framework",
				"${BUILT_PRODUCTS_DIR}/PromisesObjC/FBLPromises.framework",
				"${BUILT_PRODUCTS_DIR}/Protobuf/Protobuf.framework",
				"${BUILT_PRODUCTS_DIR}/Stripe/Stripe.framework",
				"${BUILT_PRODUCTS_DIR}/gRPC-C++/grpcpp.framework",
				"${BUILT_PRODUCTS_DIR}/gRPC-Core/grpc.framework",
				"${BUILT_PRODUCTS_DIR}/leveldb-library/leveldb.framework",
				"${BUILT_PRODUCTS_DIR}/nanopb/nanopb.framework",
			);
			name = "[CP] Embed Pods Frameworks";
			outputPaths = (
				"${TARGET_BUILD_DIR}/${FRAMEWORKS_FOLDER_PATH}/openssl_grpc.framework",
				"${TARGET_BUILD_DIR}/${FRAMEWORKS_FOLDER_PATH}/GTMSessionFetcher.framework",
				"${TARGET_BUILD_DIR}/${FRAMEWORKS_FOLDER_PATH}/GoogleUtilities.framework",
				"${TARGET_BUILD_DIR}/${FRAMEWORKS_FOLDER_PATH}/IQKeyboardManagerSwift.framework",
				"${TARGET_BUILD_DIR}/${FRAMEWORKS_FOLDER_PATH}/Kingfisher.framework",
				"${TARGET_BUILD_DIR}/${FRAMEWORKS_FOLDER_PATH}/FBLPromises.framework",
				"${TARGET_BUILD_DIR}/${FRAMEWORKS_FOLDER_PATH}/Protobuf.framework",
				"${TARGET_BUILD_DIR}/${FRAMEWORKS_FOLDER_PATH}/Stripe.framework",
				"${TARGET_BUILD_DIR}/${FRAMEWORKS_FOLDER_PATH}/grpcpp.framework",
				"${TARGET_BUILD_DIR}/${FRAMEWORKS_FOLDER_PATH}/grpc.framework",
				"${TARGET_BUILD_DIR}/${FRAMEWORKS_FOLDER_PATH}/leveldb.framework",
				"${TARGET_BUILD_DIR}/${FRAMEWORKS_FOLDER_PATH}/nanopb.framework",
			);
			runOnlyForDeploymentPostprocessing = 0;
			shellPath = /bin/sh;
			shellScript = "\"${SRCROOT}/Pods/Target Support Files/Pods-CanvasCollect/Pods-CanvasCollect-frameworks.sh\"\n";
			showEnvVarsInLog = 0;
		};
		92B3DCADE364D1DB19A97A94 /* [CP] Embed Pods Frameworks */ = {
			isa = PBXShellScriptBuildPhase;
			buildActionMask = 2147483647;
			files = (
			);
			inputPaths = (
				"${SRCROOT}/Pods/Target Support Files/Pods-CanvasCollectAdmin/Pods-CanvasCollectAdmin-frameworks.sh",
				"${BUILT_PRODUCTS_DIR}/BoringSSL-GRPC/openssl_grpc.framework",
				"${BUILT_PRODUCTS_DIR}/GTMSessionFetcher/GTMSessionFetcher.framework",
				"${BUILT_PRODUCTS_DIR}/GoogleUtilities/GoogleUtilities.framework",
				"${BUILT_PRODUCTS_DIR}/IQKeyboardManagerSwift/IQKeyboardManagerSwift.framework",
				"${BUILT_PRODUCTS_DIR}/Kingfisher/Kingfisher.framework",
				"${BUILT_PRODUCTS_DIR}/PromisesObjC/FBLPromises.framework",
				"${BUILT_PRODUCTS_DIR}/Protobuf/Protobuf.framework",
				"${BUILT_PRODUCTS_DIR}/gRPC-C++/grpcpp.framework",
				"${BUILT_PRODUCTS_DIR}/gRPC-Core/grpc.framework",
				"${BUILT_PRODUCTS_DIR}/leveldb-library/leveldb.framework",
				"${BUILT_PRODUCTS_DIR}/nanopb/nanopb.framework",
			);
			name = "[CP] Embed Pods Frameworks";
			outputPaths = (
				"${TARGET_BUILD_DIR}/${FRAMEWORKS_FOLDER_PATH}/openssl_grpc.framework",
				"${TARGET_BUILD_DIR}/${FRAMEWORKS_FOLDER_PATH}/GTMSessionFetcher.framework",
				"${TARGET_BUILD_DIR}/${FRAMEWORKS_FOLDER_PATH}/GoogleUtilities.framework",
				"${TARGET_BUILD_DIR}/${FRAMEWORKS_FOLDER_PATH}/IQKeyboardManagerSwift.framework",
				"${TARGET_BUILD_DIR}/${FRAMEWORKS_FOLDER_PATH}/Kingfisher.framework",
				"${TARGET_BUILD_DIR}/${FRAMEWORKS_FOLDER_PATH}/FBLPromises.framework",
				"${TARGET_BUILD_DIR}/${FRAMEWORKS_FOLDER_PATH}/Protobuf.framework",
				"${TARGET_BUILD_DIR}/${FRAMEWORKS_FOLDER_PATH}/grpcpp.framework",
				"${TARGET_BUILD_DIR}/${FRAMEWORKS_FOLDER_PATH}/grpc.framework",
				"${TARGET_BUILD_DIR}/${FRAMEWORKS_FOLDER_PATH}/leveldb.framework",
				"${TARGET_BUILD_DIR}/${FRAMEWORKS_FOLDER_PATH}/nanopb.framework",
			);
			runOnlyForDeploymentPostprocessing = 0;
			shellPath = /bin/sh;
			shellScript = "\"${SRCROOT}/Pods/Target Support Files/Pods-CanvasCollectAdmin/Pods-CanvasCollectAdmin-frameworks.sh\"\n";
			showEnvVarsInLog = 0;
		};
/* End PBXShellScriptBuildPhase section */

/* Begin PBXSourcesBuildPhase section */
		7CE66E07248AABBF00814FA5 /* Sources */ = {
			isa = PBXSourcesBuildPhase;
			buildActionMask = 2147483647;
			files = (
				7CE66E11248AABBF00814FA5 /* ViewController.swift in Sources */,
				7CB5E20024902CF200D2F964 /* RegisterVC.swift in Sources */,
				7CE66E0F248AABBF00814FA5 /* AppDelegate.swift in Sources */,
				7CB5E1FE24902CDE00D2F964 /* LoginVC.swift in Sources */,
			);
			runOnlyForDeploymentPostprocessing = 0;
		};
		7CE66E20248AABF700814FA5 /* Sources */ = {
			isa = PBXSourcesBuildPhase;
			buildActionMask = 2147483647;
			files = (
				7CE66E29248AABF700814FA5 /* ViewController.swift in Sources */,
				7CE66E27248AABF700814FA5 /* AppDelegate.swift in Sources */,
			);
			runOnlyForDeploymentPostprocessing = 0;
		};
/* End PBXSourcesBuildPhase section */

/* Begin PBXVariantGroup section */
		7CE66E12248AABBF00814FA5 /* Main.storyboard */ = {
			isa = PBXVariantGroup;
			children = (
				7CE66E13248AABBF00814FA5 /* Base */,
			);
			name = Main.storyboard;
			sourceTree = "<group>";
		};
		7CE66E17248AABC100814FA5 /* LaunchScreen.storyboard */ = {
			isa = PBXVariantGroup;
			children = (
				7CE66E18248AABC100814FA5 /* Base */,
			);
			name = LaunchScreen.storyboard;
			sourceTree = "<group>";
		};
		7CE66E2A248AABF700814FA5 /* Main.storyboard */ = {
			isa = PBXVariantGroup;
			children = (
				7CE66E2B248AABF700814FA5 /* Base */,
			);
			name = Main.storyboard;
			sourceTree = "<group>";
		};
		7CE66E2F248AABF800814FA5 /* LaunchScreen.storyboard */ = {
			isa = PBXVariantGroup;
			children = (
				7CE66E30248AABF800814FA5 /* Base */,
			);
			name = LaunchScreen.storyboard;
			sourceTree = "<group>";
		};
/* End PBXVariantGroup section */

/* Begin XCBuildConfiguration section */
		7CE66E1B248AABC100814FA5 /* Debug */ = {
			isa = XCBuildConfiguration;
			buildSettings = {
				ALWAYS_SEARCH_USER_PATHS = NO;
				CLANG_ANALYZER_NONNULL = YES;
				CLANG_ANALYZER_NUMBER_OBJECT_CONVERSION = YES_AGGRESSIVE;
				CLANG_CXX_LANGUAGE_STANDARD = "gnu++14";
				CLANG_CXX_LIBRARY = "libc++";
				CLANG_ENABLE_MODULES = YES;
				CLANG_ENABLE_OBJC_ARC = YES;
				CLANG_ENABLE_OBJC_WEAK = YES;
				CLANG_WARN_BLOCK_CAPTURE_AUTORELEASING = YES;
				CLANG_WARN_BOOL_CONVERSION = YES;
				CLANG_WARN_COMMA = YES;
				CLANG_WARN_CONSTANT_CONVERSION = YES;
				CLANG_WARN_DEPRECATED_OBJC_IMPLEMENTATIONS = YES;
				CLANG_WARN_DIRECT_OBJC_ISA_USAGE = YES_ERROR;
				CLANG_WARN_DOCUMENTATION_COMMENTS = YES;
				CLANG_WARN_EMPTY_BODY = YES;
				CLANG_WARN_ENUM_CONVERSION = YES;
				CLANG_WARN_INFINITE_RECURSION = YES;
				CLANG_WARN_INT_CONVERSION = YES;
				CLANG_WARN_NON_LITERAL_NULL_CONVERSION = YES;
				CLANG_WARN_OBJC_IMPLICIT_RETAIN_SELF = YES;
				CLANG_WARN_OBJC_LITERAL_CONVERSION = YES;
				CLANG_WARN_OBJC_ROOT_CLASS = YES_ERROR;
				CLANG_WARN_RANGE_LOOP_ANALYSIS = YES;
				CLANG_WARN_STRICT_PROTOTYPES = YES;
				CLANG_WARN_SUSPICIOUS_MOVE = YES;
				CLANG_WARN_UNGUARDED_AVAILABILITY = YES_AGGRESSIVE;
				CLANG_WARN_UNREACHABLE_CODE = YES;
				CLANG_WARN__DUPLICATE_METHOD_MATCH = YES;
				CODE_SIGN_IDENTITY = "iPhone Developer";
				COPY_PHASE_STRIP = NO;
				DEBUG_INFORMATION_FORMAT = dwarf;
				ENABLE_STRICT_OBJC_MSGSEND = YES;
				ENABLE_TESTABILITY = YES;
				GCC_C_LANGUAGE_STANDARD = gnu11;
				GCC_DYNAMIC_NO_PIC = NO;
				GCC_NO_COMMON_BLOCKS = YES;
				GCC_OPTIMIZATION_LEVEL = 0;
				GCC_PREPROCESSOR_DEFINITIONS = (
					"DEBUG=1",
					"$(inherited)",
				);
				GCC_WARN_64_TO_32_BIT_CONVERSION = YES;
				GCC_WARN_ABOUT_RETURN_TYPE = YES_ERROR;
				GCC_WARN_UNDECLARED_SELECTOR = YES;
				GCC_WARN_UNINITIALIZED_AUTOS = YES_AGGRESSIVE;
				GCC_WARN_UNUSED_FUNCTION = YES;
				GCC_WARN_UNUSED_VARIABLE = YES;
				IPHONEOS_DEPLOYMENT_TARGET = 12.2;
				MTL_ENABLE_DEBUG_INFO = INCLUDE_SOURCE;
				MTL_FAST_MATH = YES;
				ONLY_ACTIVE_ARCH = YES;
				SDKROOT = iphoneos;
				SWIFT_ACTIVE_COMPILATION_CONDITIONS = DEBUG;
				SWIFT_OPTIMIZATION_LEVEL = "-Onone";
			};
			name = Debug;
		};
		7CE66E1C248AABC100814FA5 /* Release */ = {
			isa = XCBuildConfiguration;
			buildSettings = {
				ALWAYS_SEARCH_USER_PATHS = NO;
				CLANG_ANALYZER_NONNULL = YES;
				CLANG_ANALYZER_NUMBER_OBJECT_CONVERSION = YES_AGGRESSIVE;
				CLANG_CXX_LANGUAGE_STANDARD = "gnu++14";
				CLANG_CXX_LIBRARY = "libc++";
				CLANG_ENABLE_MODULES = YES;
				CLANG_ENABLE_OBJC_ARC = YES;
				CLANG_ENABLE_OBJC_WEAK = YES;
				CLANG_WARN_BLOCK_CAPTURE_AUTORELEASING = YES;
				CLANG_WARN_BOOL_CONVERSION = YES;
				CLANG_WARN_COMMA = YES;
				CLANG_WARN_CONSTANT_CONVERSION = YES;
				CLANG_WARN_DEPRECATED_OBJC_IMPLEMENTATIONS = YES;
				CLANG_WARN_DIRECT_OBJC_ISA_USAGE = YES_ERROR;
				CLANG_WARN_DOCUMENTATION_COMMENTS = YES;
				CLANG_WARN_EMPTY_BODY = YES;
				CLANG_WARN_ENUM_CONVERSION = YES;
				CLANG_WARN_INFINITE_RECURSION = YES;
				CLANG_WARN_INT_CONVERSION = YES;
				CLANG_WARN_NON_LITERAL_NULL_CONVERSION = YES;
				CLANG_WARN_OBJC_IMPLICIT_RETAIN_SELF = YES;
				CLANG_WARN_OBJC_LITERAL_CONVERSION = YES;
				CLANG_WARN_OBJC_ROOT_CLASS = YES_ERROR;
				CLANG_WARN_RANGE_LOOP_ANALYSIS = YES;
				CLANG_WARN_STRICT_PROTOTYPES = YES;
				CLANG_WARN_SUSPICIOUS_MOVE = YES;
				CLANG_WARN_UNGUARDED_AVAILABILITY = YES_AGGRESSIVE;
				CLANG_WARN_UNREACHABLE_CODE = YES;
				CLANG_WARN__DUPLICATE_METHOD_MATCH = YES;
				CODE_SIGN_IDENTITY = "iPhone Developer";
				COPY_PHASE_STRIP = NO;
				DEBUG_INFORMATION_FORMAT = "dwarf-with-dsym";
				ENABLE_NS_ASSERTIONS = NO;
				ENABLE_STRICT_OBJC_MSGSEND = YES;
				GCC_C_LANGUAGE_STANDARD = gnu11;
				GCC_NO_COMMON_BLOCKS = YES;
				GCC_WARN_64_TO_32_BIT_CONVERSION = YES;
				GCC_WARN_ABOUT_RETURN_TYPE = YES_ERROR;
				GCC_WARN_UNDECLARED_SELECTOR = YES;
				GCC_WARN_UNINITIALIZED_AUTOS = YES_AGGRESSIVE;
				GCC_WARN_UNUSED_FUNCTION = YES;
				GCC_WARN_UNUSED_VARIABLE = YES;
				IPHONEOS_DEPLOYMENT_TARGET = 12.2;
				MTL_ENABLE_DEBUG_INFO = NO;
				MTL_FAST_MATH = YES;
				SDKROOT = iphoneos;
				SWIFT_COMPILATION_MODE = wholemodule;
				SWIFT_OPTIMIZATION_LEVEL = "-O";
				VALIDATE_PRODUCT = YES;
			};
			name = Release;
		};
		7CE66E1E248AABC100814FA5 /* Debug */ = {
			isa = XCBuildConfiguration;
			baseConfigurationReference = D68C8AC1CECF23FE6E5B0BF8 /* Pods-CanvasCollect.debug.xcconfig */;
			buildSettings = {
				ASSETCATALOG_COMPILER_APPICON_NAME = AppIcon;
				CODE_SIGN_STYLE = Automatic;
				INFOPLIST_FILE = CanvasCollect/Info.plist;
				LD_RUNPATH_SEARCH_PATHS = (
					"$(inherited)",
					"@executable_path/Frameworks",
				);
				PRODUCT_BUNDLE_IDENTIFIER = com.tomplucinski.CanvasCollect;
				PRODUCT_NAME = "$(TARGET_NAME)";
				SWIFT_VERSION = 5.0;
				TARGETED_DEVICE_FAMILY = "1,2";
			};
			name = Debug;
		};
		7CE66E1F248AABC100814FA5 /* Release */ = {
			isa = XCBuildConfiguration;
			baseConfigurationReference = 4E2D5CA59500E844FB6FA7E3 /* Pods-CanvasCollect.release.xcconfig */;
			buildSettings = {
				ASSETCATALOG_COMPILER_APPICON_NAME = AppIcon;
				CODE_SIGN_STYLE = Automatic;
				INFOPLIST_FILE = CanvasCollect/Info.plist;
				LD_RUNPATH_SEARCH_PATHS = (
					"$(inherited)",
					"@executable_path/Frameworks",
				);
				PRODUCT_BUNDLE_IDENTIFIER = com.tomplucinski.CanvasCollect;
				PRODUCT_NAME = "$(TARGET_NAME)";
				SWIFT_VERSION = 5.0;
				TARGETED_DEVICE_FAMILY = "1,2";
			};
			name = Release;
		};
		7CE66E34248AABF800814FA5 /* Debug */ = {
			isa = XCBuildConfiguration;
			baseConfigurationReference = 5FD29B9D84307EE644D01464 /* Pods-CanvasCollectAdmin.debug.xcconfig */;
			buildSettings = {
				ASSETCATALOG_COMPILER_APPICON_NAME = AppIcon;
				CODE_SIGN_STYLE = Automatic;
				INFOPLIST_FILE = CanvasCollectAdmin/Info.plist;
				LD_RUNPATH_SEARCH_PATHS = (
					"$(inherited)",
					"@executable_path/Frameworks",
				);
				PRODUCT_BUNDLE_IDENTIFIER = com.tomplucinski.CanvasCollectAdmin;
				PRODUCT_NAME = "$(TARGET_NAME)";
				SWIFT_VERSION = 5.0;
				TARGETED_DEVICE_FAMILY = "1,2";
			};
			name = Debug;
		};
		7CE66E35248AABF800814FA5 /* Release */ = {
			isa = XCBuildConfiguration;
			baseConfigurationReference = F6021F3AA2632A84FBAE936B /* Pods-CanvasCollectAdmin.release.xcconfig */;
			buildSettings = {
				ASSETCATALOG_COMPILER_APPICON_NAME = AppIcon;
				CODE_SIGN_STYLE = Automatic;
				INFOPLIST_FILE = CanvasCollectAdmin/Info.plist;
				LD_RUNPATH_SEARCH_PATHS = (
					"$(inherited)",
					"@executable_path/Frameworks",
				);
				PRODUCT_BUNDLE_IDENTIFIER = com.tomplucinski.CanvasCollectAdmin;
				PRODUCT_NAME = "$(TARGET_NAME)";
				SWIFT_VERSION = 5.0;
				TARGETED_DEVICE_FAMILY = "1,2";
			};
			name = Release;
		};
/* End XCBuildConfiguration section */

/* Begin XCConfigurationList section */
		7CE66E06248AABBF00814FA5 /* Build configuration list for PBXProject "CanvasCollect" */ = {
			isa = XCConfigurationList;
			buildConfigurations = (
				7CE66E1B248AABC100814FA5 /* Debug */,
				7CE66E1C248AABC100814FA5 /* Release */,
			);
			defaultConfigurationIsVisible = 0;
			defaultConfigurationName = Release;
		};
		7CE66E1D248AABC100814FA5 /* Build configuration list for PBXNativeTarget "CanvasCollect" */ = {
			isa = XCConfigurationList;
			buildConfigurations = (
				7CE66E1E248AABC100814FA5 /* Debug */,
				7CE66E1F248AABC100814FA5 /* Release */,
			);
			defaultConfigurationIsVisible = 0;
			defaultConfigurationName = Release;
		};
		7CE66E33248AABF800814FA5 /* Build configuration list for PBXNativeTarget "CanvasCollectAdmin" */ = {
			isa = XCConfigurationList;
			buildConfigurations = (
				7CE66E34248AABF800814FA5 /* Debug */,
				7CE66E35248AABF800814FA5 /* Release */,
			);
			defaultConfigurationIsVisible = 0;
			defaultConfigurationName = Release;
		};
/* End XCConfigurationList section */
	};
	rootObject = 7CE66E03248AABBF00814FA5 /* Project object */;
}
